
Microsoft Visual Studio Solution File, Format Version 12.00
# Visual Studio Version 17
VisualStudioVersion = 17.5.002.0
MinimumVisualStudioVersion = 10.0.40219.1
Project("{2150E333-8FDC-42A3-9474-1A3956D46DE8}") = "sandbox", "sandbox", "{61E5091C-EC58-4F65-BD75-335FE276C88F}"
EndProject
Project("{9A19103F-16F7-4668-BE54-9A1E7A4F7556}") = "Sandbox", "sandbox\Sandbox\Sandbox.csproj", "{1842C4D1-CFFD-408E-B6F1-941C912E6D6E}"
EndProject
Project("{2150E333-8FDC-42A3-9474-1A3956D46DE8}") = "prove", "prove", "{589259C6-B2E9-4846-B95F-E1B3784BA298}"
EndProject
Project("{9A19103F-16F7-4668-BE54-9A1E7A4F7556}") = "Develop04", "prove\Develop04\Develop04.csproj", "{8CCF6C14-CD6D-4300-B971-2667444F41B9}"
EndProject
Project("{9A19103F-16F7-4668-BE54-9A1E7A4F7556}") = "Develop05", "prove\Develop05\Develop05.csproj", "{A18FDD58-DAF6-4767-B226-808012F48EDE}"
EndProject
Project("{9A19103F-16F7-4668-BE54-9A1E7A4F7556}") = "Develop03", "prove\Develop03\Develop03.csproj", "{0CE554CC-1566-4681-A004-668F993C3598}"
EndProject
Project("{9A19103F-16F7-4668-BE54-9A1E7A4F7556}") = "Develop02", "prove\Develop02\Develop02.csproj", "{228DF880-A2D2-46EE-96D2-84771AE7FC88}"
EndProject
Project("{2150E333-8FDC-42A3-9474-1A3956D46DE8}") = "final", "final", "{1312A1BE-F15A-45A6-AFD4-CAE9398E0C84}"
EndProject
Project("{9A19103F-16F7-4668-BE54-9A1E7A4F7556}") = "Foundation3", "final\Foundation3\Foundation3.csproj", "{0ED09020-C04A-4244-B12A-ABA7AF07DDE3}"
EndProject
Project("{9A19103F-16F7-4668-BE54-9A1E7A4F7556}") = "FinalProject", "final\FinalProject\FinalProject.csproj", "{2E3BEFCB-8CE6-4C5B-AFF1-F9307D3D5A2E}"
EndProject
Project("{9A19103F-16F7-4668-BE54-9A1E7A4F7556}") = "Foundation4", "final\Foundation4\Foundation4.csproj", "{59CFFD06-2099-4D04-AA4E-E3C2E7766633}"
EndProject
Project("{9A19103F-16F7-4668-BE54-9A1E7A4F7556}") = "Foundation2", "final\Foundation2\Foundation2.csproj", "{ED89607F-743E-4D07-90A6-202158F927E5}"
EndProject
Project("{9A19103F-16F7-4668-BE54-9A1E7A4F7556}") = "Foundation1", "final\Foundation1\Foundation1.csproj", "{77DCAAEA-7A3E-4343-9816-D09C7C643CEA}"
EndProject
Project("{2150E333-8FDC-42A3-9474-1A3956D46DE8}") = "csharp-prep", "csharp-prep", "{A2B4329A-63C6-4B07-B63F-674D197AC3F4}"
EndProject
Project("{9A19103F-16F7-4668-BE54-9A1E7A4F7556}") = "Prep3", "csharp-prep\Prep3\Prep3.csproj", "{773E30B5-BECC-4E08-9AA4-547E3C80C388}"
EndProject
Project("{9A19103F-16F7-4668-BE54-9A1E7A4F7556}") = "Prep4", "csharp-prep\Prep4\Prep4.csproj", "{F17AD2BA-C27B-4513-B494-35170B9FF449}"
EndProject
Project("{9A19103F-16F7-4668-BE54-9A1E7A4F7556}") = "Prep1", "csharp-prep\Prep1\Prep1.csproj", "{674FC1FF-AEAE-4991-906B-E3249FA13615}"
EndProject
Project("{9A19103F-16F7-4668-BE54-9A1E7A4F7556}") = "Prep5", "csharp-prep\Prep5\Prep5.csproj", "{CA66262E-8705-4C60-BD3F-9312AF74FAB2}"
EndProject
Project("{9A19103F-16F7-4668-BE54-9A1E7A4F7556}") = "Prep2", "csharp-prep\Prep2\Prep2.csproj", "{19DD6B88-6F56-4A98-B3FF-95B85E070DAA}"
EndProject
Project("{2150E333-8FDC-42A3-9474-1A3956D46DE8}") = "prepare", "prepare", "{F4B4D13C-6464-430F-B691-CFE10556C72E}"
EndProject
Project("{9A19103F-16F7-4668-BE54-9A1E7A4F7556}") = "Learning02", "prepare\Learning02\Learning02.csproj", "{911ACD66-196B-4EFA-9E51-74A6CD22EC6C}"
EndProject
Project("{9A19103F-16F7-4668-BE54-9A1E7A4F7556}") = "Learning05", "prepare\Learning05\Learning05.csproj", "{07148144-1DD5-4752-A980-4F5D833DBE91}"
EndProject
Project("{9A19103F-16F7-4668-BE54-9A1E7A4F7556}") = "Learning04", "prepare\Learning04\Learning04.csproj", "{9F8960AA-8982-432F-9B57-D2CFD41E4094}"
EndProject
Project("{9A19103F-16F7-4668-BE54-9A1E7A4F7556}") = "Learning03", "prepare\Learning03\Learning03.csproj", "{EA9F1D72-60B0-4D02-806D-BC7D906EBED8}"
EndProject
Global
	GlobalSection(SolutionConfigurationPlatforms) = preSolution
		Debug|Any CPU = Debug|Any CPU
		Release|Any CPU = Release|Any CPU
	EndGlobalSection
	GlobalSection(ProjectConfigurationPlatforms) = postSolution
		{1842C4D1-CFFD-408E-B6F1-941C912E6D6E}.Debug|Any CPU.ActiveCfg = Debug|Any CPU
		{1842C4D1-CFFD-408E-B6F1-941C912E6D6E}.Debug|Any CPU.Build.0 = Debug|Any CPU
		{1842C4D1-CFFD-408E-B6F1-941C912E6D6E}.Release|Any CPU.ActiveCfg = Release|Any CPU
		{1842C4D1-CFFD-408E-B6F1-941C912E6D6E}.Release|Any CPU.Build.0 = Release|Any CPU
		{8CCF6C14-CD6D-4300-B971-2667444F41B9}.Debug|Any CPU.ActiveCfg = Debug|Any CPU
		{8CCF6C14-CD6D-4300-B971-2667444F41B9}.Debug|Any CPU.Build.0 = Debug|Any CPU
		{8CCF6C14-CD6D-4300-B971-2667444F41B9}.Release|Any CPU.ActiveCfg = Release|Any CPU
		{8CCF6C14-CD6D-4300-B971-2667444F41B9}.Release|Any CPU.Build.0 = Release|Any CPU
		{A18FDD58-DAF6-4767-B226-808012F48EDE}.Debug|Any CPU.ActiveCfg = Debug|Any CPU
		{A18FDD58-DAF6-4767-B226-808012F48EDE}.Debug|Any CPU.Build.0 = Debug|Any CPU
		{A18FDD58-DAF6-4767-B226-808012F48EDE}.Release|Any CPU.ActiveCfg = Release|Any CPU
		{A18FDD58-DAF6-4767-B226-808012F48EDE}.Release|Any CPU.Build.0 = Release|Any CPU
		{0CE554CC-1566-4681-A004-668F993C3598}.Debug|Any CPU.ActiveCfg = Debug|Any CPU
		{0CE554CC-1566-4681-A004-668F993C3598}.Debug|Any CPU.Build.0 = Debug|Any CPU
		{0CE554CC-1566-4681-A004-668F993C3598}.Release|Any CPU.ActiveCfg = Release|Any CPU
		{0CE554CC-1566-4681-A004-668F993C3598}.Release|Any CPU.Build.0 = Release|Any CPU
		{228DF880-A2D2-46EE-96D2-84771AE7FC88}.Debug|Any CPU.ActiveCfg = Debug|Any CPU
		{228DF880-A2D2-46EE-96D2-84771AE7FC88}.Debug|Any CPU.Build.0 = Debug|Any CPU
		{228DF880-A2D2-46EE-96D2-84771AE7FC88}.Release|Any CPU.ActiveCfg = Release|Any CPU
		{228DF880-A2D2-46EE-96D2-84771AE7FC88}.Release|Any CPU.Build.0 = Release|Any CPU
		{0ED09020-C04A-4244-B12A-ABA7AF07DDE3}.Debug|Any CPU.ActiveCfg = Debug|Any CPU
		{0ED09020-C04A-4244-B12A-ABA7AF07DDE3}.Debug|Any CPU.Build.0 = Debug|Any CPU
		{0ED09020-C04A-4244-B12A-ABA7AF07DDE3}.Release|Any CPU.ActiveCfg = Release|Any CPU
		{0ED09020-C04A-4244-B12A-ABA7AF07DDE3}.Release|Any CPU.Build.0 = Release|Any CPU
		{2E3BEFCB-8CE6-4C5B-AFF1-F9307D3D5A2E}.Debug|Any CPU.ActiveCfg = Debug|Any CPU
		{2E3BEFCB-8CE6-4C5B-AFF1-F9307D3D5A2E}.Debug|Any CPU.Build.0 = Debug|Any CPU
		{2E3BEFCB-8CE6-4C5B-AFF1-F9307D3D5A2E}.Release|Any CPU.ActiveCfg = Release|Any CPU
		{2E3BEFCB-8CE6-4C5B-AFF1-F9307D3D5A2E}.Release|Any CPU.Build.0 = Release|Any CPU
		{59CFFD06-2099-4D04-AA4E-E3C2E7766633}.Debug|Any CPU.ActiveCfg = Debug|Any CPU
		{59CFFD06-2099-4D04-AA4E-E3C2E7766633}.Debug|Any CPU.Build.0 = Debug|Any CPU
		{59CFFD06-2099-4D04-AA4E-E3C2E7766633}.Release|Any CPU.ActiveCfg = Release|Any CPU
		{59CFFD06-2099-4D04-AA4E-E3C2E7766633}.Release|Any CPU.Build.0 = Release|Any CPU
		{ED89607F-743E-4D07-90A6-202158F927E5}.Debug|Any CPU.ActiveCfg = Debug|Any CPU
		{ED89607F-743E-4D07-90A6-202158F927E5}.Debug|Any CPU.Build.0 = Debug|Any CPU
		{ED89607F-743E-4D07-90A6-202158F927E5}.Release|Any CPU.ActiveCfg = Release|Any CPU
		{ED89607F-743E-4D07-90A6-202158F927E5}.Release|Any CPU.Build.0 = Release|Any CPU
		{77DCAAEA-7A3E-4343-9816-D09C7C643CEA}.Debug|Any CPU.ActiveCfg = Debug|Any CPU
		{77DCAAEA-7A3E-4343-9816-D09C7C643CEA}.Debug|Any CPU.Build.0 = Debug|Any CPU
		{77DCAAEA-7A3E-4343-9816-D09C7C643CEA}.Release|Any CPU.ActiveCfg = Release|Any CPU
		{77DCAAEA-7A3E-4343-9816-D09C7C643CEA}.Release|Any CPU.Build.0 = Release|Any CPU
		{773E30B5-BECC-4E08-9AA4-547E3C80C388}.Debug|Any CPU.ActiveCfg = Debug|Any CPU
		{773E30B5-BECC-4E08-9AA4-547E3C80C388}.Debug|Any CPU.Build.0 = Debug|Any CPU
		{773E30B5-BECC-4E08-9AA4-547E3C80C388}.Release|Any CPU.ActiveCfg = Release|Any CPU
		{773E30B5-BECC-4E08-9AA4-547E3C80C388}.Release|Any CPU.Build.0 = Release|Any CPU
		{F17AD2BA-C27B-4513-B494-35170B9FF449}.Debug|Any CPU.ActiveCfg = Debug|Any CPU
		{F17AD2BA-C27B-4513-B494-35170B9FF449}.Debug|Any CPU.Build.0 = Debug|Any CPU
		{F17AD2BA-C27B-4513-B494-35170B9FF449}.Release|Any CPU.ActiveCfg = Release|Any CPU
		{F17AD2BA-C27B-4513-B494-35170B9FF449}.Release|Any CPU.Build.0 = Release|Any CPU
		{674FC1FF-AEAE-4991-906B-E3249FA13615}.Debug|Any CPU.ActiveCfg = Debug|Any CPU
		{674FC1FF-AEAE-4991-906B-E3249FA13615}.Debug|Any CPU.Build.0 = Debug|Any CPU
		{674FC1FF-AEAE-4991-906B-E3249FA13615}.Release|Any CPU.ActiveCfg = Release|Any CPU
		{674FC1FF-AEAE-4991-906B-E3249FA13615}.Release|Any CPU.Build.0 = Release|Any CPU
		{CA66262E-8705-4C60-BD3F-9312AF74FAB2}.Debug|Any CPU.ActiveCfg = Debug|Any CPU
		{CA66262E-8705-4C60-BD3F-9312AF74FAB2}.Debug|Any CPU.Build.0 = Debug|Any CPU
		{CA66262E-8705-4C60-BD3F-9312AF74FAB2}.Release|Any CPU.ActiveCfg = Release|Any CPU
		{CA66262E-8705-4C60-BD3F-9312AF74FAB2}.Release|Any CPU.Build.0 = Release|Any CPU
		{19DD6B88-6F56-4A98-B3FF-95B85E070DAA}.Debug|Any CPU.ActiveCfg = Debug|Any CPU
		{19DD6B88-6F56-4A98-B3FF-95B85E070DAA}.Debug|Any CPU.Build.0 = Debug|Any CPU
		{19DD6B88-6F56-4A98-B3FF-95B85E070DAA}.Release|Any CPU.ActiveCfg = Release|Any CPU
		{19DD6B88-6F56-4A98-B3FF-95B85E070DAA}.Release|Any CPU.Build.0 = Release|Any CPU
		{911ACD66-196B-4EFA-9E51-74A6CD22EC6C}.Debug|Any CPU.ActiveCfg = Debug|Any CPU
		{911ACD66-196B-4EFA-9E51-74A6CD22EC6C}.Debug|Any CPU.Build.0 = Debug|Any CPU
		{911ACD66-196B-4EFA-9E51-74A6CD22EC6C}.Release|Any CPU.ActiveCfg = Release|Any CPU
		{911ACD66-196B-4EFA-9E51-74A6CD22EC6C}.Release|Any CPU.Build.0 = Release|Any CPU
		{07148144-1DD5-4752-A980-4F5D833DBE91}.Debug|Any CPU.ActiveCfg = Debug|Any CPU
		{07148144-1DD5-4752-A980-4F5D833DBE91}.Debug|Any CPU.Build.0 = Debug|Any CPU
		{07148144-1DD5-4752-A980-4F5D833DBE91}.Release|Any CPU.ActiveCfg = Release|Any CPU
		{07148144-1DD5-4752-A980-4F5D833DBE91}.Release|Any CPU.Build.0 = Release|Any CPU
		{9F8960AA-8982-432F-9B57-D2CFD41E4094}.Debug|Any CPU.ActiveCfg = Debug|Any CPU
		{9F8960AA-8982-432F-9B57-D2CFD41E4094}.Debug|Any CPU.Build.0 = Debug|Any CPU
		{9F8960AA-8982-432F-9B57-D2CFD41E4094}.Release|Any CPU.ActiveCfg = Release|Any CPU
		{9F8960AA-8982-432F-9B57-D2CFD41E4094}.Release|Any CPU.Build.0 = Release|Any CPU
		{EA9F1D72-60B0-4D02-806D-BC7D906EBED8}.Debug|Any CPU.ActiveCfg = Debug|Any CPU
		{EA9F1D72-60B0-4D02-806D-BC7D906EBED8}.Debug|Any CPU.Build.0 = Debug|Any CPU
		{EA9F1D72-60B0-4D02-806D-BC7D906EBED8}.Release|Any CPU.ActiveCfg = Release|Any CPU
		{EA9F1D72-60B0-4D02-806D-BC7D906EBED8}.Release|Any CPU.Build.0 = Release|Any CPU
	EndGlobalSection
	GlobalSection(SolutionProperties) = preSolution
		HideSolutionNode = FALSE
	EndGlobalSection
	GlobalSection(NestedProjects) = preSolution
		{1842C4D1-CFFD-408E-B6F1-941C912E6D6E} = {61E5091C-EC58-4F65-BD75-335FE276C88F}
		{8CCF6C14-CD6D-4300-B971-2667444F41B9} = {589259C6-B2E9-4846-B95F-E1B3784BA298}
		{A18FDD58-DAF6-4767-B226-808012F48EDE} = {589259C6-B2E9-4846-B95F-E1B3784BA298}
		{0CE554CC-1566-4681-A004-668F993C3598} = {589259C6-B2E9-4846-B95F-E1B3784BA298}
		{228DF880-A2D2-46EE-96D2-84771AE7FC88} = {589259C6-B2E9-4846-B95F-E1B3784BA298}
		{0ED09020-C04A-4244-B12A-ABA7AF07DDE3} = {1312A1BE-F15A-45A6-AFD4-CAE9398E0C84}
		{2E3BEFCB-8CE6-4C5B-AFF1-F9307D3D5A2E} = {1312A1BE-F15A-45A6-AFD4-CAE9398E0C84}
		{59CFFD06-2099-4D04-AA4E-E3C2E7766633} = {1312A1BE-F15A-45A6-AFD4-CAE9398E0C84}
		{ED89607F-743E-4D07-90A6-202158F927E5} = {1312A1BE-F15A-45A6-AFD4-CAE9398E0C84}
		{77DCAAEA-7A3E-4343-9816-D09C7C643CEA} = {1312A1BE-F15A-45A6-AFD4-CAE9398E0C84}
		{773E30B5-BECC-4E08-9AA4-547E3C80C388} = {A2B4329A-63C6-4B07-B63F-674D197AC3F4}
		{F17AD2BA-C27B-4513-B494-35170B9FF449} = {A2B4329A-63C6-4B07-B63F-674D197AC3F4}
		{674FC1FF-AEAE-4991-906B-E3249FA13615} = {A2B4329A-63C6-4B07-B63F-674D197AC3F4}
		{CA66262E-8705-4C60-BD3F-9312AF74FAB2} = {A2B4329A-63C6-4B07-B63F-674D197AC3F4}
		{19DD6B88-6F56-4A98-B3FF-95B85E070DAA} = {A2B4329A-63C6-4B07-B63F-674D197AC3F4}
		{911ACD66-196B-4EFA-9E51-74A6CD22EC6C} = {F4B4D13C-6464-430F-B691-CFE10556C72E}
		{07148144-1DD5-4752-A980-4F5D833DBE91} = {F4B4D13C-6464-430F-B691-CFE10556C72E}
		{9F8960AA-8982-432F-9B57-D2CFD41E4094} = {F4B4D13C-6464-430F-B691-CFE10556C72E}
		{EA9F1D72-60B0-4D02-806D-BC7D906EBED8} = {F4B4D13C-6464-430F-B691-CFE10556C72E}
	EndGlobalSection
	GlobalSection(ExtensibilityGlobals) = postSolution
		SolutionGuid = {D5A1816A-35CE-431E-A7ED-A75ED170FB44}
	EndGlobalSection
EndGlobal
